// !$*UTF8*$!
{
	archiveVersion = 1;
	classes = {
	};
	objectVersion = 46;
	objects = {

/* Begin PBXBuildFile section */
		320E62D01CC64BB000225699 /* SFExpression.h in Headers */ = {isa = PBXBuildFile; fileRef = 320E62CF1CC64BB000225699 /* SFExpression.h */; settings = {ATTRIBUTES = (Public, ); }; };
		320E62D71CC64BB000225699 /* SFExpression.framework in Frameworks */ = {isa = PBXBuildFile; fileRef = 320E62CC1CC64BB000225699 /* SFExpression.framework */; };
		320E62DC1CC64BB000225699 /* SFExpressionTests.swift in Sources */ = {isa = PBXBuildFile; fileRef = 320E62DB1CC64BB000225699 /* SFExpressionTests.swift */; };
/* End PBXBuildFile section */

/* Begin PBXContainerItemProxy section */
		320E62D81CC64BB000225699 /* PBXContainerItemProxy */ = {
			isa = PBXContainerItemProxy;
			containerPortal = 320E62C31CC64BB000225699 /* Project object */;
			proxyType = 1;
			remoteGlobalIDString = 320E62CB1CC64BB000225699;
			remoteInfo = SFExpression;
		};
/* End PBXContainerItemProxy section */

/* Begin PBXFileReference section */
		320E62CC1CC64BB000225699 /* SFExpression.framework */ = {isa = PBXFileReference; explicitFileType = wrapper.framework; includeInIndex = 0; path = SFExpression.framework; sourceTree = BUILT_PRODUCTS_DIR; };
		320E62CF1CC64BB000225699 /* SFExpression.h */ = {isa = PBXFileReference; lastKnownFileType = sourcecode.c.h; path = SFExpression.h; sourceTree = "<group>"; };
		320E62D11CC64BB000225699 /* Info.plist */ = {isa = PBXFileReference; lastKnownFileType = text.plist.xml; path = Info.plist; sourceTree = "<group>"; };
		320E62D61CC64BB000225699 /* SFExpressionTests.xctest */ = {isa = PBXFileReference; explicitFileType = wrapper.cfbundle; includeInIndex = 0; path = SFExpressionTests.xctest; sourceTree = BUILT_PRODUCTS_DIR; };
		320E62DB1CC64BB000225699 /* SFExpressionTests.swift */ = {isa = PBXFileReference; lastKnownFileType = sourcecode.swift; path = SFExpressionTests.swift; sourceTree = "<group>"; };
		320E62DD1CC64BB000225699 /* Info.plist */ = {isa = PBXFileReference; lastKnownFileType = text.plist.xml; path = Info.plist; sourceTree = "<group>"; };
/* End PBXFileReference section */

/* Begin PBXFrameworksBuildPhase section */
		320E62C81CC64BB000225699 /* Frameworks */ = {
			isa = PBXFrameworksBuildPhase;
			buildActionMask = 2147483647;
			files = (
			);
			runOnlyForDeploymentPostprocessing = 0;
		};
		320E62D31CC64BB000225699 /* Frameworks */ = {
			isa = PBXFrameworksBuildPhase;
			buildActionMask = 2147483647;
			files = (
				320E62D71CC64BB000225699 /* SFExpression.framework in Frameworks */,
			);
			runOnlyForDeploymentPostprocessing = 0;
		};
/* End PBXFrameworksBuildPhase section */

/* Begin PBXGroup section */
		320E62C21CC64BB000225699 = {
			isa = PBXGroup;
			children = (
				320E62CE1CC64BB000225699 /* SFExpression */,
				320E62DA1CC64BB000225699 /* SFExpressionTests */,
				320E62CD1CC64BB000225699 /* Products */,
			);
			sourceTree = "<group>";
		};
		320E62CD1CC64BB000225699 /* Products */ = {
			isa = PBXGroup;
			children = (
				320E62CC1CC64BB000225699 /* SFExpression.framework */,
				320E62D61CC64BB000225699 /* SFExpressionTests.xctest */,
			);
			name = Products;
			sourceTree = "<group>";
		};
		320E62CE1CC64BB000225699 /* SFExpression */ = {
			isa = PBXGroup;
			children = (
				320E62CF1CC64BB000225699 /* SFExpression.h */,
				320E62D11CC64BB000225699 /* Info.plist */,
			);
			path = SFExpression;
			sourceTree = "<group>";
		};
		320E62DA1CC64BB000225699 /* SFExpressionTests */ = {
			isa = PBXGroup;
			children = (
				320E62DB1CC64BB000225699 /* SFExpressionTests.swift */,
				320E62DD1CC64BB000225699 /* Info.plist */,
			);
			path = SFExpressionTests;
			sourceTree = "<group>";
		};
/* End PBXGroup section */

/* Begin PBXHeadersBuildPhase section */
		320E62C91CC64BB000225699 /* Headers */ = {
			isa = PBXHeadersBuildPhase;
			buildActionMask = 2147483647;
			files = (
				320E62D01CC64BB000225699 /* SFExpression.h in Headers */,
			);
			runOnlyForDeploymentPostprocessing = 0;
		};
/* End PBXHeadersBuildPhase section */

/* Begin PBXNativeTarget section */
		320E62CB1CC64BB000225699 /* SFExpression */ = {
			isa = PBXNativeTarget;
			buildConfigurationList = 320E62E01CC64BB000225699 /* Build configuration list for PBXNativeTarget "SFExpression" */;
			buildPhases = (
				320E62C71CC64BB000225699 /* Sources */,
				320E62C81CC64BB000225699 /* Frameworks */,
				320E62C91CC64BB000225699 /* Headers */,
				320E62CA1CC64BB000225699 /* Resources */,
			);
			buildRules = (
			);
			dependencies = (
			);
			name = SFExpression;
			productName = SFExpression;
			productReference = 320E62CC1CC64BB000225699 /* SFExpression.framework */;
			productType = "com.apple.product-type.framework";
		};
		320E62D51CC64BB000225699 /* SFExpressionTests */ = {
			isa = PBXNativeTarget;
			buildConfigurationList = 320E62E31CC64BB000225699 /* Build configuration list for PBXNativeTarget "SFExpressionTests" */;
			buildPhases = (
				320E62D21CC64BB000225699 /* Sources */,
				320E62D31CC64BB000225699 /* Frameworks */,
				320E62D41CC64BB000225699 /* Resources */,
			);
			buildRules = (
			);
			dependencies = (
				320E62D91CC64BB000225699 /* PBXTargetDependency */,
			);
			name = SFExpressionTests;
			productName = SFExpressionTests;
			productReference = 320E62D61CC64BB000225699 /* SFExpressionTests.xctest */;
			productType = "com.apple.product-type.bundle.unit-test";
		};
/* End PBXNativeTarget section */

/* Begin PBXProject section */
		320E62C31CC64BB000225699 /* Project object */ = {
			isa = PBXProject;
			attributes = {
				LastSwiftUpdateCheck = 0730;
				LastUpgradeCheck = 0730;
				ORGANIZATIONNAME = "The Pirate Cat";
				TargetAttributes = {
					320E62CB1CC64BB000225699 = {
						CreatedOnToolsVersion = 7.3;
					};
					320E62D51CC64BB000225699 = {
						CreatedOnToolsVersion = 7.3;
					};
				};
			};
			buildConfigurationList = 320E62C61CC64BB000225699 /* Build configuration list for PBXProject "SFExpression" */;
			compatibilityVersion = "Xcode 3.2";
			developmentRegion = English;
			hasScannedForEncodings = 0;
			knownRegions = (
				en,
			);
			mainGroup = 320E62C21CC64BB000225699;
			productRefGroup = 320E62CD1CC64BB000225699 /* Products */;
			projectDirPath = "";
			projectRoot = "";
			targets = (
				320E62CB1CC64BB000225699 /* SFExpression */,
				320E62D51CC64BB000225699 /* SFExpressionTests */,
			);
		};
/* End PBXProject section */

/* Begin PBXResourcesBuildPhase section */
		320E62CA1CC64BB000225699 /* Resources */ = {
			isa = PBXResourcesBuildPhase;
			buildActionMask = 2147483647;
			files = (
			);
			runOnlyForDeploymentPostprocessing = 0;
		};
		320E62D41CC64BB000225699 /* Resources */ = {
			isa = PBXResourcesBuildPhase;
			buildActionMask = 2147483647;
			files = (
			);
			runOnlyForDeploymentPostprocessing = 0;
		};
/* End PBXResourcesBuildPhase section */

/* Begin PBXSourcesBuildPhase section */
		320E62C71CC64BB000225699 /* Sources */ = {
			isa = PBXSourcesBuildPhase;
			buildActionMask = 2147483647;
			files = (
			);
			runOnlyForDeploymentPostprocessing = 0;
		};
		320E62D21CC64BB000225699 /* Sources */ = {
			isa = PBXSourcesBuildPhase;
			buildActionMask = 2147483647;
			files = (
				320E62DC1CC64BB000225699 /* SFExpressionTests.swift in Sources */,
			);
			runOnlyForDeploymentPostprocessing = 0;
		};
/* End PBXSourcesBuildPhase section */

/* Begin PBXTargetDependency section */
		320E62D91CC64BB000225699 /* PBXTargetDependency */ = {
			isa = PBXTargetDependency;
			target = 320E62CB1CC64BB000225699 /* SFExpression */;
			targetProxy = 320E62D81CC64BB000225699 /* PBXContainerItemProxy */;
		};
/* End PBXTargetDependency section */

/* Begin XCBuildConfiguration section */
		320E62DE1CC64BB000225699 /* Debug */ = {
			isa = XCBuildConfiguration;
			buildSettings = {
				ALWAYS_SEARCH_USER_PATHS = NO;
				CLANG_ANALYZER_NONNULL = YES;
				CLANG_CXX_LANGUAGE_STANDARD = "gnu++0x";
				CLANG_CXX_LIBRARY = "libc++";
				CLANG_ENABLE_MODULES = YES;
				CLANG_ENABLE_OBJC_ARC = YES;
				CLANG_WARN_BOOL_CONVERSION = YES;
				CLANG_WARN_CONSTANT_CONVERSION = YES;
				CLANG_WARN_DIRECT_OBJC_ISA_USAGE = YES_ERROR;
				CLANG_WARN_EMPTY_BODY = YES;
				CLANG_WARN_ENUM_CONVERSION = YES;
				CLANG_WARN_INT_CONVERSION = YES;
				CLANG_WARN_OBJC_ROOT_CLASS = YES_ERROR;
				CLANG_WARN_UNREACHABLE_CODE = YES;
				CLANG_WARN__DUPLICATE_METHOD_MATCH = YES;
				"CODE_SIGN_IDENTITY[sdk=iphoneos*]" = "iPhone Developer";
				COPY_PHASE_STRIP = NO;
				CURRENT_PROJECT_VERSION = 1;
				DEBUG_INFORMATION_FORMAT = dwarf;
				ENABLE_STRICT_OBJC_MSGSEND = YES;
				ENABLE_TESTABILITY = YES;
				GCC_C_LANGUAGE_STANDARD = gnu99;
				GCC_DYNAMIC_NO_PIC = NO;
				GCC_NO_COMMON_BLOCKS = YES;
				GCC_OPTIMIZATION_LEVEL = 0;
				GCC_PREPROCESSOR_DEFINITIONS = (
					"DEBUG=1",
					"$(inherited)",
				);
				GCC_WARN_64_TO_32_BIT_CONVERSION = YES;
				GCC_WARN_ABOUT_RETURN_TYPE = YES_ERROR;
				GCC_WARN_UNDECLARED_SELECTOR = YES;
				GCC_WARN_UNINITIALIZED_AUTOS = YES_AGGRESSIVE;
				GCC_WARN_UNUSED_FUNCTION = YES;
				GCC_WARN_UNUSED_VARIABLE = YES;
				IPHONEOS_DEPLOYMENT_TARGET = 9.3;
				MTL_ENABLE_DEBUG_INFO = YES;
				ONLY_ACTIVE_ARCH = YES;
				SDKROOT = iphoneos;
				SWIFT_OPTIMIZATION_LEVEL = "-Onone";
				TARGETED_DEVICE_FAMILY = "1,2";
				VERSIONING_SYSTEM = "apple-generic";
				VERSION_INFO_PREFIX = "";
			};
			name = Debug;
		};
		320E62DF1CC64BB000225699 /* Release */ = {
			isa = XCBuildConfiguration;
			buildSettings = {
				ALWAYS_SEARCH_USER_PATHS = NO;
				CLANG_ANALYZER_NONNULL = YES;
				CLANG_CXX_LANGUAGE_STANDARD = "gnu++0x";
				CLANG_CXX_LIBRARY = "libc++";
				CLANG_ENABLE_MODULES = YES;
				CLANG_ENABLE_OBJC_ARC = YES;
				CLANG_WARN_BOOL_CONVERSION = YES;
				CLANG_WARN_CONSTANT_CONVERSION = YES;
				CLANG_WARN_DIRECT_OBJC_ISA_USAGE = YES_ERROR;
				CLANG_WARN_EMPTY_BODY = YES;
				CLANG_WARN_ENUM_CONVERSION = YES;
				CLANG_WARN_INT_CONVERSION = YES;
				CLANG_WARN_OBJC_ROOT_CLASS = YES_ERROR;
				CLANG_WARN_UNREACHABLE_CODE = YES;
				CLANG_WARN__DUPLICATE_METHOD_MATCH = YES;
				"CODE_SIGN_IDENTITY[sdk=iphoneos*]" = "iPhone Developer";
				COPY_PHASE_STRIP = NO;
				CURRENT_PROJECT_VERSION = 1;
				DEBUG_INFORMATION_FORMAT = "dwarf-with-dsym";
				ENABLE_NS_ASSERTIONS = NO;
				ENABLE_STRICT_OBJC_MSGSEND = YES;
				GCC_C_LANGUAGE_STANDARD = gnu99;
				GCC_NO_COMMON_BLOCKS = YES;
				GCC_WARN_64_TO_32_BIT_CONVERSION = YES;
				GCC_WARN_ABOUT_RETURN_TYPE = YES_ERROR;
				GCC_WARN_UNDECLARED_SELECTOR = YES;
				GCC_WARN_UNINITIALIZED_AUTOS = YES_AGGRESSIVE;
				GCC_WARN_UNUSED_FUNCTION = YES;
				GCC_WARN_UNUSED_VARIABLE = YES;
				IPHONEOS_DEPLOYMENT_TARGET = 9.3;
				MTL_ENABLE_DEBUG_INFO = NO;
				SDKROOT = iphoneos;
				TARGETED_DEVICE_FAMILY = "1,2";
				VALIDATE_PRODUCT = YES;
				VERSIONING_SYSTEM = "apple-generic";
				VERSION_INFO_PREFIX = "";
			};
			name = Release;
		};
		320E62E11CC64BB000225699 /* Debug */ = {
			isa = XCBuildConfiguration;
			buildSettings = {
				DEFINES_MODULE = YES;
				DYLIB_COMPATIBILITY_VERSION = 1;
				DYLIB_CURRENT_VERSION = 1;
				DYLIB_INSTALL_NAME_BASE = "@rpath";
				INFOPLIST_FILE = SFExpression/Info.plist;
				INSTALL_PATH = "$(LOCAL_LIBRARY_DIR)/Frameworks";
				LD_RUNPATH_SEARCH_PATHS = "$(inherited) @executable_path/Frameworks @loader_path/Frameworks";
				PRODUCT_BUNDLE_IDENTIFIER = cat.thepirate.SFExpression;
				PRODUCT_NAME = "$(TARGET_NAME)";
				SKIP_INSTALL = YES;
			};
			name = Debug;
		};
		320E62E21CC64BB000225699 /* Release */ = {
			isa = XCBuildConfiguration;
			buildSettings = {
				DEFINES_MODULE = YES;
				DYLIB_COMPATIBILITY_VERSION = 1;
				DYLIB_CURRENT_VERSION = 1;
				DYLIB_INSTALL_NAME_BASE = "@rpath";
				INFOPLIST_FILE = SFExpression/Info.plist;
				INSTALL_PATH = "$(LOCAL_LIBRARY_DIR)/Frameworks";
				LD_RUNPATH_SEARCH_PATHS = "$(inherited) @executable_path/Frameworks @loader_path/Frameworks";
				PRODUCT_BUNDLE_IDENTIFIER = cat.thepirate.SFExpression;
				PRODUCT_NAME = "$(TARGET_NAME)";
				SKIP_INSTALL = YES;
			};
			name = Release;
		};
		320E62E41CC64BB000225699 /* Debug */ = {
			isa = XCBuildConfiguration;
			buildSettings = {
				INFOPLIST_FILE = SFExpressionTests/Info.plist;
				LD_RUNPATH_SEARCH_PATHS = "$(inherited) @executable_path/Frameworks @loader_path/Frameworks";
				PRODUCT_BUNDLE_IDENTIFIER = cat.thepirate.SFExpressionTests;
				PRODUCT_NAME = "$(TARGET_NAME)";
			};
			name = Debug;
		};
		320E62E51CC64BB000225699 /* Release */ = {
			isa = XCBuildConfiguration;
			buildSettings = {
				INFOPLIST_FILE = SFExpressionTests/Info.plist;
				LD_RUNPATH_SEARCH_PATHS = "$(inherited) @executable_path/Frameworks @loader_path/Frameworks";
				PRODUCT_BUNDLE_IDENTIFIER = cat.thepirate.SFExpressionTests;
				PRODUCT_NAME = "$(TARGET_NAME)";
			};
			name = Release;
		};
/* End XCBuildConfiguration section */

/* Begin XCConfigurationList section */
		320E62C61CC64BB000225699 /* Build configuration list for PBXProject "SFExpression" */ = {
			isa = XCConfigurationList;
			buildConfigurations = (
				320E62DE1CC64BB000225699 /* Debug */,
				320E62DF1CC64BB000225699 /* Release */,
			);
			defaultConfigurationIsVisible = 0;
			defaultConfigurationName = Release;
		};
		320E62E01CC64BB000225699 /* Build configuration list for PBXNativeTarget "SFExpression" */ = {
			isa = XCConfigurationList;
			buildConfigurations = (
				320E62E11CC64BB000225699 /* Debug */,
				320E62E21CC64BB000225699 /* Release */,
			);
			defaultConfigurationIsVisible = 0;
		};
		320E62E31CC64BB000225699 /* Build configuration list for PBXNativeTarget "SFExpressionTests" */ = {
			isa = XCConfigurationList;
			buildConfigurations = (
				320E62E41CC64BB000225699 /* Debug */,
				320E62E51CC64BB000225699 /* Release */,
			);
			defaultConfigurationIsVisible = 0;
		};
/* End XCConfigurationList section */
	};
	rootObject = 320E62C31CC64BB000225699 /* Project object */;
}
